{
  "lockfile_version": "1",
  "packages": {
    "git@latest": {
      "last_modified": "2024-02-27T12:57:41Z",
      "resolved": "github:NixOS/nixpkgs/8520c158aee718c6e87b56881105fc4223c3c723#git",
      "source": "devbox-search",
      "version": "2.43.1",
      "systems": {
        "aarch64-darwin": {
          "store_path": "/nix/store/ycg59v1gfzmv8bnnrlpqhprnfn7y6v7b-git-2.43.1"
        },
        "aarch64-linux": {
          "store_path": "/nix/store/idq6ygdm30ka8f577qih3ysl7jjhbp7b-git-2.43.1"
        },
        "x86_64-darwin": {
          "store_path": "/nix/store/5pp0150mbgr2r6lg4x84l2d7hgk38f3d-git-2.43.1"
        },
        "x86_64-linux": {
          "store_path": "/nix/store/g6343av5x49smrfb16j61cif88xahjvz-git-2.43.1"
        }
      }
    },
    "go@latest": {
      "last_modified": "2024-03-06T17:57:40Z",
      "resolved": "github:NixOS/nixpkgs/58ae79ea707579c40102ddf62d84b902a987c58b#go_1_22",
      "source": "devbox-search",
      "version": "1.22.1",
      "systems": {
        "aarch64-darwin": {
          "store_path": "/nix/store/q955gd41jh08l5pgbmx7y5jlqwwk4rqk-go-1.22.1"
        },
        "aarch64-linux": {
          "store_path": "/nix/store/ca92iff1jpd9a3l3i8222rzbkq949mlh-go-1.22.1"
        },
        "x86_64-darwin": {
          "store_path": "/nix/store/f64hpgi6lnn8vrf22cff2y8307c7zns3-go-1.22.1"
        },
        "x86_64-linux": {
          "store_path": "/nix/store/jw9qrkqlkm699ncbrbs1d4czfg4wg8da-go-1.22.1"
        }
      }
    },
    "gofumpt@latest": {
      "last_modified": "2024-02-24T23:06:34Z",
      "resolved": "github:NixOS/nixpkgs/9a9dae8f6319600fa9aebde37f340975cab4b8c0#gofumpt",
      "source": "devbox-search",
      "version": "0.6.0",
      "systems": {
        "aarch64-darwin": {
          "store_path": "/nix/store/r1g72d20240qln6f4bfj53ysw7jzqn2i-gofumpt-0.6.0"
        },
        "aarch64-linux": {
          "store_path": "/nix/store/cfncrnqdwksxhgvilwvsfq6n4dl5nhvx-gofumpt-0.6.0"
        },
        "x86_64-darwin": {
          "store_path": "/nix/store/g2ldvarys1q6ykn65rhkajq2l05l32sc-gofumpt-0.6.0"
        },
        "x86_64-linux": {
          "store_path": "/nix/store/h0sqfz6i5sgm272vxlap0b573rl6bbzc-gofumpt-0.6.0"
        }
      }
    },
    "neovim@latest": {
      "last_modified": "2024-02-24T23:06:34Z",
      "resolved": "github:NixOS/nixpkgs/9a9dae8f6319600fa9aebde37f340975cab4b8c0#neovim",
      "source": "devbox-search",
      "version": "0.9.5",
      "systems": {
        "aarch64-darwin": {
          "store_path": "/nix/store/3i1v1plixy22dr935s7lqq2xxskd82l7-neovim-0.9.5"
        },
        "aarch64-linux": {
          "store_path": "/nix/store/shfg3psc0d0xyf833vccplmh6dx4hv54-neovim-0.9.5"
        },
        "x86_64-darwin": {
          "store_path": "/nix/store/3sna4gznh7kgg49c9axxvqqsvynl2yai-neovim-0.9.5"
        },
        "x86_64-linux": {
          "store_path": "/nix/store/fkzl4m8mwjhg69hy0pijx0m1gn2d1a8m-neovim-0.9.5"
        }
      }
    },
    "vscode@latest": {
      "last_modified": "2024-02-24T23:06:34Z",
      "resolved": "github:NixOS/nixpkgs/9a9dae8f6319600fa9aebde37f340975cab4b8c0#vscode",
      "source": "devbox-search",
      "version": "1.86.2",
      "systems": {
        "x86_64-linux": {
          "store_path": "/nix/store/zgy8a5y2asybvzvpyb84p67blfzwgmg9-vscode-1.86.2"
        }
      }
    }
  }
}
